
Microsoft Visual Studio Solution File, Format Version 12.00
# Visual Studio Version 16
VisualStudioVersion = 16.0.31515.178
MinimumVisualStudioVersion = 10.0.40219.1
Project("{FAE04EC0-301F-11D3-BF4B-00C04F79EFBC}") = "adapter-pattern", "adapter-pattern\adapter-pattern.csproj", "{C5F8AE1D-4080-47F6-8933-3CAA25BF6ED6}"
EndProject
Project("{FAE04EC0-301F-11D3-BF4B-00C04F79EFBC}") = "bridge-pattern", "bridge-pattern\bridge-pattern.csproj", "{85860A34-E192-45F4-B5F2-3CC5ADEAE3C9}"
EndProject
Global
	GlobalSection(SolutionConfigurationPlatforms) = preSolution
		Debug|Any CPU = Debug|Any CPU
		Release|Any CPU = Release|Any CPU
	EndGlobalSection
	GlobalSection(ProjectConfigurationPlatforms) = postSolution
		{C5F8AE1D-4080-47F6-8933-3CAA25BF6ED6}.Debug|Any CPU.ActiveCfg = Debug|Any CPU
		{C5F8AE1D-4080-47F6-8933-3CAA25BF6ED6}.Debug|Any CPU.Build.0 = Debug|Any CPU
		{C5F8AE1D-4080-47F6-8933-3CAA25BF6ED6}.Release|Any CPU.ActiveCfg = Release|Any CPU
		{C5F8AE1D-4080-47F6-8933-3CAA25BF6ED6}.Release|Any CPU.Build.0 = Release|Any CPU
		{85860A34-E192-45F4-B5F2-3CC5ADEAE3C9}.Debug|Any CPU.ActiveCfg = Debug|Any CPU
		{85860A34-E192-45F4-B5F2-3CC5ADEAE3C9}.Debug|Any CPU.Build.0 = Debug|Any CPU
		{85860A34-E192-45F4-B5F2-3CC5ADEAE3C9}.Release|Any CPU.ActiveCfg = Release|Any CPU
		{85860A34-E192-45F4-B5F2-3CC5ADEAE3C9}.Release|Any CPU.Build.0 = Release|Any CPU
	EndGlobalSection
	GlobalSection(SolutionProperties) = preSolution
		HideSolutionNode = FALSE
	EndGlobalSection
	GlobalSection(ExtensibilityGlobals) = postSolution
		SolutionGuid = {CED9C79A-7DCF-45C3-94A5-23F727320CF5}
	EndGlobalSection
EndGlobal
